{
  "name": "node-windows-registry",
  "version": "1.0.0",
  "lockfileVersion": 2,
  "requires": true,
  "packages": {
    "": {
      "version": "1.0.0",
      "license": "ISC",
      "dependencies": {
        "node-windows": "^0.1.4"
      }
    },
    "node_modules/node-windows": {
      "version": "0.1.4",
      "resolved": "https://registry.npmjs.org/node-windows/-/node-windows-0.1.4.tgz",
      "integrity": "sha1-I9XumLa4KQ4KPamZjuY4hF/tyxs=",
      "os": [
        "win32"
      ],
      "dependencies": {
        "optimist": "~0.3.5"
      }
    },
    "node_modules/optimist": {
      "version": "0.3.7",
      "resolved": "https://registry.npmjs.org/optimist/-/optimist-0.3.7.tgz",
      "integrity": "sha1-yQlBrVnkJzMokjB00s8ufLxuwNk=",
      "dependencies": {
        "wordwrap": "~0.0.2"
      }
    },
    "node_modules/wordwrap": {
      "version": "0.0.3",
      "resolved": "https://registry.npmjs.org/wordwrap/-/wordwrap-0.0.3.tgz",
      "integrity": "sha1-o9XabNXAvAAI03I0u68b7WMFkQc=",
      "engines": {
        "node": ">=0.4.0"
      }
    }
  },
  "dependencies": {
    "node-windows": {
      "version": "0.1.4",
      "resolved": "https://registry.npmjs.org/node-windows/-/node-windows-0.1.4.tgz",
      "integrity": "sha1-I9XumLa4KQ4KPamZjuY4hF/tyxs=",
      "requires": {
        "optimist": "~0.3.5"
      }
    },
    "optimist": {
      "version": "0.3.7",
      "resolved": "https://registry.npmjs.org/optimist/-/optimist-0.3.7.tgz",
      "integrity": "sha1-yQlBrVnkJzMokjB00s8ufLxuwNk=",
      "requires": {
        "wordwrap": "~0.0.2"
      }
    },
    "wordwrap": {
      "version": "0.0.3",
      "resolved": "https://registry.npmjs.org/wordwrap/-/wordwrap-0.0.3.tgz",
      "integrity": "sha1-o9XabNXAvAAI03I0u68b7WMFkQc="
    }
  }
}
